
Microsoft Visual Studio Solution File, Format Version 12.00
# Visual Studio 14
VisualStudioVersion = 14.0.24720.0
MinimumVisualStudioVersion = 10.0.40219.1
Project("{2150E333-8FDC-42A3-9474-1A3956D46DE8}") = "src", "src", "{2A4D6A14-685A-4246-B577-582E47A97B28}"
EndProject
Project("{2150E333-8FDC-42A3-9474-1A3956D46DE8}") = "Solution Items", "Solution Items", "{82434948-A485-4E54-BE0B-C9F8B03E3F3D}"
	ProjectSection(SolutionItems) = preProject
		.gitignore = .gitignore
		global.json = global.json
		README.md = README.md
	EndProjectSection
EndProject
Project("{8BB2217D-0F2D-49D1-97BC-3654ED321F3B}") = "Zen.Massage.Site", "src\Zen.Massage.Site\Zen.Massage.Site.xproj", "{816D97B9-D1F0-45B2-8E40-12EBA908F44F}"
EndProject
Project("{FAE04EC0-301F-11D3-BF4B-00C04F79EFBC}") = "Zen.Massage.Site.UnitTests", "src\Zen.Massage.Site.UnitTests\Zen.Massage.Site.UnitTests.csproj", "{B0B23E52-E0E4-430C-B073-AC9A251E1E00}"
EndProject
Project("{262852C6-CD72-467D-83FE-5EEB1973A190}") = "ZenMassageApp", "src\ZenMassageApp\ZenMassageApp.jsproj", "{E1E8CE89-5172-42AA-805B-89C90B6ABFBC}"
EndProject
Project("{2150E333-8FDC-42A3-9474-1A3956D46DE8}") = "1.Site", "1.Site", "{8207BC74-8412-49D9-BA63-39AA8DC068F0}"
EndProject
Project("{2150E333-8FDC-42A3-9474-1A3956D46DE8}") = "2.Application", "2.Application", "{E2D5ACED-0582-4D38-BB91-E834D8953833}"
EndProject
Project("{2150E333-8FDC-42A3-9474-1A3956D46DE8}") = "3.Domain", "3.Domain", "{76ED80E5-4F03-440F-9931-E71B9C998D87}"
EndProject
Project("{2150E333-8FDC-42A3-9474-1A3956D46DE8}") = "4.Infrastructure", "4.Infrastructure", "{56EDEC58-60BB-4437-BC04-9F43B2D89E30}"
EndProject
Project("{8BB2217D-0F2D-49D1-97BC-3654ED321F3B}") = "Zen.Massage.Domain.Interfaces", "src\Zen.Massage.Domain.Interfaces\Zen.Massage.Domain.Interfaces.xproj", "{FBC29A5D-B009-4630-9EFE-D04D409DAB67}"
EndProject
Project("{8BB2217D-0F2D-49D1-97BC-3654ED321F3B}") = "Zen.Massage.Domain.Events", "src\Zen.Massage.Domain.Events\Zen.Massage.Domain.Events.xproj", "{3BAD1FEA-D039-4B15-954C-F56FC94E325F}"
EndProject
Project("{8BB2217D-0F2D-49D1-97BC-3654ED321F3B}") = "Zen.Massage.Domain", "src\Zen.Massage.Domain\Zen.Massage.Domain.xproj", "{5D537CF4-ED33-4AAF-9EC0-0F270B246CCB}"
EndProject
Project("{8BB2217D-0F2D-49D1-97BC-3654ED321F3B}") = "Zen.Infrastructure.WriteRepository", "src\Zen.Infrastructure.WriteRepository\Zen.Infrastructure.WriteRepository.xproj", "{6B32E124-34BC-4DDD-9D30-DC31836D2A6C}"
EndProject
Project("{8BB2217D-0F2D-49D1-97BC-3654ED321F3B}") = "Zen.Infrastructure.ReadRepository", "src\Zen.Infrastructure.ReadRepository\Zen.Infrastructure.ReadRepository.xproj", "{0D13EFD9-9215-4100-934F-6A12159CF591}"
EndProject
Project("{8BB2217D-0F2D-49D1-97BC-3654ED321F3B}") = "Zen.Massage.Application", "src\Zen.Massage.Application\Zen.Massage.Application.xproj", "{ACA79B85-EB18-4ADF-9717-4C69214FD3CA}"
EndProject
Project("{8BB2217D-0F2D-49D1-97BC-3654ED321F3B}") = "Zen.Massage.Application.Interfaces", "src\Zen.Massage.Application.Interfaces\Zen.Massage.Application.Interfaces.xproj", "{8F6C0A22-D04E-42E6-BD72-0E4C99F51415}"
EndProject
Project("{FAE04EC0-301F-11D3-BF4B-00C04F79EFBC}") = "NanoMessageBus.AzureEventHub", "src\NanoMessageBus.AzureEventHub\NanoMessageBus.AzureEventHub.csproj", "{AAB6829C-43F7-4736-9563-A316B09434C0}"
EndProject
Global
	GlobalSection(SolutionConfigurationPlatforms) = preSolution
		Debug|Android = Debug|Android
		Debug|Any CPU = Debug|Any CPU
		Debug|iOS = Debug|iOS
		Debug|Windows Phone (Universal) = Debug|Windows Phone (Universal)
		Debug|Windows Phone 8 = Debug|Windows Phone 8
		Debug|Windows-AnyCPU = Debug|Windows-AnyCPU
		Debug|Windows-ARM = Debug|Windows-ARM
		Debug|Windows-x64 = Debug|Windows-x64
		Debug|Windows-x86 = Debug|Windows-x86
		Release|Android = Release|Android
		Release|Any CPU = Release|Any CPU
		Release|iOS = Release|iOS
		Release|Windows Phone (Universal) = Release|Windows Phone (Universal)
		Release|Windows Phone 8 = Release|Windows Phone 8
		Release|Windows-AnyCPU = Release|Windows-AnyCPU
		Release|Windows-ARM = Release|Windows-ARM
		Release|Windows-x64 = Release|Windows-x64
		Release|Windows-x86 = Release|Windows-x86
	EndGlobalSection
	GlobalSection(ProjectConfigurationPlatforms) = postSolution
		{816D97B9-D1F0-45B2-8E40-12EBA908F44F}.Debug|Android.ActiveCfg = Debug|Any CPU
		{816D97B9-D1F0-45B2-8E40-12EBA908F44F}.Debug|Android.Build.0 = Debug|Any CPU
		{816D97B9-D1F0-45B2-8E40-12EBA908F44F}.Debug|Any CPU.ActiveCfg = Debug|Any CPU
		{816D97B9-D1F0-45B2-8E40-12EBA908F44F}.Debug|Any CPU.Build.0 = Debug|Any CPU
		{816D97B9-D1F0-45B2-8E40-12EBA908F44F}.Debug|iOS.ActiveCfg = Debug|Any CPU
		{816D97B9-D1F0-45B2-8E40-12EBA908F44F}.Debug|iOS.Build.0 = Debug|Any CPU
		{816D97B9-D1F0-45B2-8E40-12EBA908F44F}.Debug|Windows Phone (Universal).ActiveCfg = Debug|Any CPU
		{816D97B9-D1F0-45B2-8E40-12EBA908F44F}.Debug|Windows Phone (Universal).Build.0 = Debug|Any CPU
		{816D97B9-D1F0-45B2-8E40-12EBA908F44F}.Debug|Windows Phone 8.ActiveCfg = Debug|Any CPU
		{816D97B9-D1F0-45B2-8E40-12EBA908F44F}.Debug|Windows Phone 8.Build.0 = Debug|Any CPU
		{816D97B9-D1F0-45B2-8E40-12EBA908F44F}.Debug|Windows-AnyCPU.ActiveCfg = Debug|Any CPU
		{816D97B9-D1F0-45B2-8E40-12EBA908F44F}.Debug|Windows-AnyCPU.Build.0 = Debug|Any CPU
		{816D97B9-D1F0-45B2-8E40-12EBA908F44F}.Debug|Windows-ARM.ActiveCfg = Debug|Any CPU
		{816D97B9-D1F0-45B2-8E40-12EBA908F44F}.Debug|Windows-ARM.Build.0 = Debug|Any CPU
		{816D97B9-D1F0-45B2-8E40-12EBA908F44F}.Debug|Windows-x64.ActiveCfg = Debug|Any CPU
		{816D97B9-D1F0-45B2-8E40-12EBA908F44F}.Debug|Windows-x64.Build.0 = Debug|Any CPU
		{816D97B9-D1F0-45B2-8E40-12EBA908F44F}.Debug|Windows-x86.ActiveCfg = Debug|Any CPU
		{816D97B9-D1F0-45B2-8E40-12EBA908F44F}.Debug|Windows-x86.Build.0 = Debug|Any CPU
		{816D97B9-D1F0-45B2-8E40-12EBA908F44F}.Release|Android.ActiveCfg = Release|Any CPU
		{816D97B9-D1F0-45B2-8E40-12EBA908F44F}.Release|Android.Build.0 = Release|Any CPU
		{816D97B9-D1F0-45B2-8E40-12EBA908F44F}.Release|Any CPU.ActiveCfg = Release|Any CPU
		{816D97B9-D1F0-45B2-8E40-12EBA908F44F}.Release|Any CPU.Build.0 = Release|Any CPU
		{816D97B9-D1F0-45B2-8E40-12EBA908F44F}.Release|Any CPU.Deploy.0 = Release|Any CPU
		{816D97B9-D1F0-45B2-8E40-12EBA908F44F}.Release|iOS.ActiveCfg = Release|Any CPU
		{816D97B9-D1F0-45B2-8E40-12EBA908F44F}.Release|iOS.Build.0 = Release|Any CPU
		{816D97B9-D1F0-45B2-8E40-12EBA908F44F}.Release|Windows Phone (Universal).ActiveCfg = Release|Any CPU
		{816D97B9-D1F0-45B2-8E40-12EBA908F44F}.Release|Windows Phone (Universal).Build.0 = Release|Any CPU
		{816D97B9-D1F0-45B2-8E40-12EBA908F44F}.Release|Windows Phone 8.ActiveCfg = Release|Any CPU
		{816D97B9-D1F0-45B2-8E40-12EBA908F44F}.Release|Windows Phone 8.Build.0 = Release|Any CPU
		{816D97B9-D1F0-45B2-8E40-12EBA908F44F}.Release|Windows-AnyCPU.ActiveCfg = Release|Any CPU
		{816D97B9-D1F0-45B2-8E40-12EBA908F44F}.Release|Windows-AnyCPU.Build.0 = Release|Any CPU
		{816D97B9-D1F0-45B2-8E40-12EBA908F44F}.Release|Windows-ARM.ActiveCfg = Release|Any CPU
		{816D97B9-D1F0-45B2-8E40-12EBA908F44F}.Release|Windows-ARM.Build.0 = Release|Any CPU
		{816D97B9-D1F0-45B2-8E40-12EBA908F44F}.Release|Windows-x64.ActiveCfg = Release|Any CPU
		{816D97B9-D1F0-45B2-8E40-12EBA908F44F}.Release|Windows-x64.Build.0 = Release|Any CPU
		{816D97B9-D1F0-45B2-8E40-12EBA908F44F}.Release|Windows-x86.ActiveCfg = Release|Any CPU
		{816D97B9-D1F0-45B2-8E40-12EBA908F44F}.Release|Windows-x86.Build.0 = Release|Any CPU
		{B0B23E52-E0E4-430C-B073-AC9A251E1E00}.Debug|Android.ActiveCfg = Debug|Any CPU
		{B0B23E52-E0E4-430C-B073-AC9A251E1E00}.Debug|Any CPU.ActiveCfg = Debug|Any CPU
		{B0B23E52-E0E4-430C-B073-AC9A251E1E00}.Debug|Any CPU.Build.0 = Debug|Any CPU
		{B0B23E52-E0E4-430C-B073-AC9A251E1E00}.Debug|iOS.ActiveCfg = Debug|Any CPU
		{B0B23E52-E0E4-430C-B073-AC9A251E1E00}.Debug|Windows Phone (Universal).ActiveCfg = Debug|Any CPU
		{B0B23E52-E0E4-430C-B073-AC9A251E1E00}.Debug|Windows Phone 8.ActiveCfg = Debug|Any CPU
		{B0B23E52-E0E4-430C-B073-AC9A251E1E00}.Debug|Windows-AnyCPU.ActiveCfg = Debug|Any CPU
		{B0B23E52-E0E4-430C-B073-AC9A251E1E00}.Debug|Windows-ARM.ActiveCfg = Debug|Any CPU
		{B0B23E52-E0E4-430C-B073-AC9A251E1E00}.Debug|Windows-x64.ActiveCfg = Debug|Any CPU
		{B0B23E52-E0E4-430C-B073-AC9A251E1E00}.Debug|Windows-x86.ActiveCfg = Debug|Any CPU
		{B0B23E52-E0E4-430C-B073-AC9A251E1E00}.Release|Android.ActiveCfg = Release|Any CPU
		{B0B23E52-E0E4-430C-B073-AC9A251E1E00}.Release|Any CPU.ActiveCfg = Release|Any CPU
		{B0B23E52-E0E4-430C-B073-AC9A251E1E00}.Release|iOS.ActiveCfg = Release|Any CPU
		{B0B23E52-E0E4-430C-B073-AC9A251E1E00}.Release|Windows Phone (Universal).ActiveCfg = Release|Any CPU
		{B0B23E52-E0E4-430C-B073-AC9A251E1E00}.Release|Windows Phone 8.ActiveCfg = Release|Any CPU
		{B0B23E52-E0E4-430C-B073-AC9A251E1E00}.Release|Windows-AnyCPU.ActiveCfg = Release|Any CPU
		{B0B23E52-E0E4-430C-B073-AC9A251E1E00}.Release|Windows-ARM.ActiveCfg = Release|Any CPU
		{B0B23E52-E0E4-430C-B073-AC9A251E1E00}.Release|Windows-x64.ActiveCfg = Release|Any CPU
		{B0B23E52-E0E4-430C-B073-AC9A251E1E00}.Release|Windows-x86.ActiveCfg = Release|Any CPU
		{E1E8CE89-5172-42AA-805B-89C90B6ABFBC}.Debug|Android.ActiveCfg = Debug|Android
		{E1E8CE89-5172-42AA-805B-89C90B6ABFBC}.Debug|Android.Build.0 = Debug|Android
		{E1E8CE89-5172-42AA-805B-89C90B6ABFBC}.Debug|Android.Deploy.0 = Debug|Android
		{E1E8CE89-5172-42AA-805B-89C90B6ABFBC}.Debug|Any CPU.ActiveCfg = Debug|Android
		{E1E8CE89-5172-42AA-805B-89C90B6ABFBC}.Debug|iOS.ActiveCfg = Debug|iOS
		{E1E8CE89-5172-42AA-805B-89C90B6ABFBC}.Debug|iOS.Build.0 = Debug|iOS
		{E1E8CE89-5172-42AA-805B-89C90B6ABFBC}.Debug|iOS.Deploy.0 = Debug|iOS
		{E1E8CE89-5172-42AA-805B-89C90B6ABFBC}.Debug|Windows Phone (Universal).ActiveCfg = Debug|Windows Phone (Universal)
		{E1E8CE89-5172-42AA-805B-89C90B6ABFBC}.Debug|Windows Phone (Universal).Build.0 = Debug|Windows Phone (Universal)
		{E1E8CE89-5172-42AA-805B-89C90B6ABFBC}.Debug|Windows Phone (Universal).Deploy.0 = Debug|Windows Phone (Universal)
		{E1E8CE89-5172-42AA-805B-89C90B6ABFBC}.Debug|Windows Phone 8.ActiveCfg = Debug|Windows Phone 8
		{E1E8CE89-5172-42AA-805B-89C90B6ABFBC}.Debug|Windows Phone 8.Build.0 = Debug|Windows Phone 8
		{E1E8CE89-5172-42AA-805B-89C90B6ABFBC}.Debug|Windows Phone 8.Deploy.0 = Debug|Windows Phone 8
		{E1E8CE89-5172-42AA-805B-89C90B6ABFBC}.Debug|Windows-AnyCPU.ActiveCfg = Debug|Windows-AnyCPU
		{E1E8CE89-5172-42AA-805B-89C90B6ABFBC}.Debug|Windows-AnyCPU.Build.0 = Debug|Windows-AnyCPU
		{E1E8CE89-5172-42AA-805B-89C90B6ABFBC}.Debug|Windows-AnyCPU.Deploy.0 = Debug|Windows-AnyCPU
		{E1E8CE89-5172-42AA-805B-89C90B6ABFBC}.Debug|Windows-ARM.ActiveCfg = Debug|Windows-ARM
		{E1E8CE89-5172-42AA-805B-89C90B6ABFBC}.Debug|Windows-ARM.Build.0 = Debug|Windows-ARM
		{E1E8CE89-5172-42AA-805B-89C90B6ABFBC}.Debug|Windows-ARM.Deploy.0 = Debug|Windows-ARM
		{E1E8CE89-5172-42AA-805B-89C90B6ABFBC}.Debug|Windows-x64.ActiveCfg = Debug|Windows-x64
		{E1E8CE89-5172-42AA-805B-89C90B6ABFBC}.Debug|Windows-x64.Build.0 = Debug|Windows-x64
		{E1E8CE89-5172-42AA-805B-89C90B6ABFBC}.Debug|Windows-x64.Deploy.0 = Debug|Windows-x64
		{E1E8CE89-5172-42AA-805B-89C90B6ABFBC}.Debug|Windows-x86.ActiveCfg = Debug|Windows-x86
		{E1E8CE89-5172-42AA-805B-89C90B6ABFBC}.Debug|Windows-x86.Build.0 = Debug|Windows-x86
		{E1E8CE89-5172-42AA-805B-89C90B6ABFBC}.Debug|Windows-x86.Deploy.0 = Debug|Windows-x86
		{E1E8CE89-5172-42AA-805B-89C90B6ABFBC}.Release|Android.ActiveCfg = Release|Android
		{E1E8CE89-5172-42AA-805B-89C90B6ABFBC}.Release|Android.Build.0 = Release|Android
		{E1E8CE89-5172-42AA-805B-89C90B6ABFBC}.Release|Android.Deploy.0 = Release|Android
		{E1E8CE89-5172-42AA-805B-89C90B6ABFBC}.Release|Any CPU.ActiveCfg = Release|Android
		{E1E8CE89-5172-42AA-805B-89C90B6ABFBC}.Release|iOS.ActiveCfg = Release|iOS
		{E1E8CE89-5172-42AA-805B-89C90B6ABFBC}.Release|iOS.Build.0 = Release|iOS
		{E1E8CE89-5172-42AA-805B-89C90B6ABFBC}.Release|iOS.Deploy.0 = Release|iOS
		{E1E8CE89-5172-42AA-805B-89C90B6ABFBC}.Release|Windows Phone (Universal).ActiveCfg = Release|Windows Phone (Universal)
		{E1E8CE89-5172-42AA-805B-89C90B6ABFBC}.Release|Windows Phone (Universal).Build.0 = Release|Windows Phone (Universal)
		{E1E8CE89-5172-42AA-805B-89C90B6ABFBC}.Release|Windows Phone (Universal).Deploy.0 = Release|Windows Phone (Universal)
		{E1E8CE89-5172-42AA-805B-89C90B6ABFBC}.Release|Windows Phone 8.ActiveCfg = Release|Windows Phone 8
		{E1E8CE89-5172-42AA-805B-89C90B6ABFBC}.Release|Windows Phone 8.Build.0 = Release|Windows Phone 8
		{E1E8CE89-5172-42AA-805B-89C90B6ABFBC}.Release|Windows Phone 8.Deploy.0 = Release|Windows Phone 8
		{E1E8CE89-5172-42AA-805B-89C90B6ABFBC}.Release|Windows-AnyCPU.ActiveCfg = Release|Windows-AnyCPU
		{E1E8CE89-5172-42AA-805B-89C90B6ABFBC}.Release|Windows-AnyCPU.Build.0 = Release|Windows-AnyCPU
		{E1E8CE89-5172-42AA-805B-89C90B6ABFBC}.Release|Windows-AnyCPU.Deploy.0 = Release|Windows-AnyCPU
		{E1E8CE89-5172-42AA-805B-89C90B6ABFBC}.Release|Windows-ARM.ActiveCfg = Release|Windows-ARM
		{E1E8CE89-5172-42AA-805B-89C90B6ABFBC}.Release|Windows-ARM.Build.0 = Release|Windows-ARM
		{E1E8CE89-5172-42AA-805B-89C90B6ABFBC}.Release|Windows-ARM.Deploy.0 = Release|Windows-ARM
		{E1E8CE89-5172-42AA-805B-89C90B6ABFBC}.Release|Windows-x64.ActiveCfg = Release|Windows-x64
		{E1E8CE89-5172-42AA-805B-89C90B6ABFBC}.Release|Windows-x64.Build.0 = Release|Windows-x64
		{E1E8CE89-5172-42AA-805B-89C90B6ABFBC}.Release|Windows-x64.Deploy.0 = Release|Windows-x64
		{E1E8CE89-5172-42AA-805B-89C90B6ABFBC}.Release|Windows-x86.ActiveCfg = Release|Windows-x86
		{E1E8CE89-5172-42AA-805B-89C90B6ABFBC}.Release|Windows-x86.Build.0 = Release|Windows-x86
		{E1E8CE89-5172-42AA-805B-89C90B6ABFBC}.Release|Windows-x86.Deploy.0 = Release|Windows-x86
		{FBC29A5D-B009-4630-9EFE-D04D409DAB67}.Debug|Android.ActiveCfg = Debug|Any CPU
		{FBC29A5D-B009-4630-9EFE-D04D409DAB67}.Debug|Android.Build.0 = Debug|Any CPU
		{FBC29A5D-B009-4630-9EFE-D04D409DAB67}.Debug|Any CPU.ActiveCfg = Debug|Any CPU
		{FBC29A5D-B009-4630-9EFE-D04D409DAB67}.Debug|Any CPU.Build.0 = Debug|Any CPU
		{FBC29A5D-B009-4630-9EFE-D04D409DAB67}.Debug|iOS.ActiveCfg = Debug|Any CPU
		{FBC29A5D-B009-4630-9EFE-D04D409DAB67}.Debug|iOS.Build.0 = Debug|Any CPU
		{FBC29A5D-B009-4630-9EFE-D04D409DAB67}.Debug|Windows Phone (Universal).ActiveCfg = Debug|Any CPU
		{FBC29A5D-B009-4630-9EFE-D04D409DAB67}.Debug|Windows Phone (Universal).Build.0 = Debug|Any CPU
		{FBC29A5D-B009-4630-9EFE-D04D409DAB67}.Debug|Windows Phone 8.ActiveCfg = Debug|Any CPU
		{FBC29A5D-B009-4630-9EFE-D04D409DAB67}.Debug|Windows Phone 8.Build.0 = Debug|Any CPU
		{FBC29A5D-B009-4630-9EFE-D04D409DAB67}.Debug|Windows-AnyCPU.ActiveCfg = Debug|Any CPU
		{FBC29A5D-B009-4630-9EFE-D04D409DAB67}.Debug|Windows-AnyCPU.Build.0 = Debug|Any CPU
		{FBC29A5D-B009-4630-9EFE-D04D409DAB67}.Debug|Windows-ARM.ActiveCfg = Debug|Any CPU
		{FBC29A5D-B009-4630-9EFE-D04D409DAB67}.Debug|Windows-ARM.Build.0 = Debug|Any CPU
		{FBC29A5D-B009-4630-9EFE-D04D409DAB67}.Debug|Windows-x64.ActiveCfg = Debug|Any CPU
		{FBC29A5D-B009-4630-9EFE-D04D409DAB67}.Debug|Windows-x64.Build.0 = Debug|Any CPU
		{FBC29A5D-B009-4630-9EFE-D04D409DAB67}.Debug|Windows-x86.ActiveCfg = Debug|Any CPU
		{FBC29A5D-B009-4630-9EFE-D04D409DAB67}.Debug|Windows-x86.Build.0 = Debug|Any CPU
		{FBC29A5D-B009-4630-9EFE-D04D409DAB67}.Release|Android.ActiveCfg = Release|Any CPU
		{FBC29A5D-B009-4630-9EFE-D04D409DAB67}.Release|Android.Build.0 = Release|Any CPU
		{FBC29A5D-B009-4630-9EFE-D04D409DAB67}.Release|Any CPU.ActiveCfg = Release|Any CPU
		{FBC29A5D-B009-4630-9EFE-D04D409DAB67}.Release|Any CPU.Build.0 = Release|Any CPU
		{FBC29A5D-B009-4630-9EFE-D04D409DAB67}.Release|iOS.ActiveCfg = Release|Any CPU
		{FBC29A5D-B009-4630-9EFE-D04D409DAB67}.Release|iOS.Build.0 = Release|Any CPU
		{FBC29A5D-B009-4630-9EFE-D04D409DAB67}.Release|Windows Phone (Universal).ActiveCfg = Release|Any CPU
		{FBC29A5D-B009-4630-9EFE-D04D409DAB67}.Release|Windows Phone (Universal).Build.0 = Release|Any CPU
		{FBC29A5D-B009-4630-9EFE-D04D409DAB67}.Release|Windows Phone 8.ActiveCfg = Release|Any CPU
		{FBC29A5D-B009-4630-9EFE-D04D409DAB67}.Release|Windows Phone 8.Build.0 = Release|Any CPU
		{FBC29A5D-B009-4630-9EFE-D04D409DAB67}.Release|Windows-AnyCPU.ActiveCfg = Release|Any CPU
		{FBC29A5D-B009-4630-9EFE-D04D409DAB67}.Release|Windows-AnyCPU.Build.0 = Release|Any CPU
		{FBC29A5D-B009-4630-9EFE-D04D409DAB67}.Release|Windows-ARM.ActiveCfg = Release|Any CPU
		{FBC29A5D-B009-4630-9EFE-D04D409DAB67}.Release|Windows-ARM.Build.0 = Release|Any CPU
		{FBC29A5D-B009-4630-9EFE-D04D409DAB67}.Release|Windows-x64.ActiveCfg = Release|Any CPU
		{FBC29A5D-B009-4630-9EFE-D04D409DAB67}.Release|Windows-x64.Build.0 = Release|Any CPU
		{FBC29A5D-B009-4630-9EFE-D04D409DAB67}.Release|Windows-x86.ActiveCfg = Release|Any CPU
		{FBC29A5D-B009-4630-9EFE-D04D409DAB67}.Release|Windows-x86.Build.0 = Release|Any CPU
		{3BAD1FEA-D039-4B15-954C-F56FC94E325F}.Debug|Android.ActiveCfg = Debug|Any CPU
		{3BAD1FEA-D039-4B15-954C-F56FC94E325F}.Debug|Android.Build.0 = Debug|Any CPU
		{3BAD1FEA-D039-4B15-954C-F56FC94E325F}.Debug|Any CPU.ActiveCfg = Debug|Any CPU
		{3BAD1FEA-D039-4B15-954C-F56FC94E325F}.Debug|Any CPU.Build.0 = Debug|Any CPU
		{3BAD1FEA-D039-4B15-954C-F56FC94E325F}.Debug|iOS.ActiveCfg = Debug|Any CPU
		{3BAD1FEA-D039-4B15-954C-F56FC94E325F}.Debug|iOS.Build.0 = Debug|Any CPU
		{3BAD1FEA-D039-4B15-954C-F56FC94E325F}.Debug|Windows Phone (Universal).ActiveCfg = Debug|Any CPU
		{3BAD1FEA-D039-4B15-954C-F56FC94E325F}.Debug|Windows Phone (Universal).Build.0 = Debug|Any CPU
		{3BAD1FEA-D039-4B15-954C-F56FC94E325F}.Debug|Windows Phone 8.ActiveCfg = Debug|Any CPU
		{3BAD1FEA-D039-4B15-954C-F56FC94E325F}.Debug|Windows Phone 8.Build.0 = Debug|Any CPU
		{3BAD1FEA-D039-4B15-954C-F56FC94E325F}.Debug|Windows-AnyCPU.ActiveCfg = Debug|Any CPU
		{3BAD1FEA-D039-4B15-954C-F56FC94E325F}.Debug|Windows-AnyCPU.Build.0 = Debug|Any CPU
		{3BAD1FEA-D039-4B15-954C-F56FC94E325F}.Debug|Windows-ARM.ActiveCfg = Debug|Any CPU
		{3BAD1FEA-D039-4B15-954C-F56FC94E325F}.Debug|Windows-ARM.Build.0 = Debug|Any CPU
		{3BAD1FEA-D039-4B15-954C-F56FC94E325F}.Debug|Windows-x64.ActiveCfg = Debug|Any CPU
		{3BAD1FEA-D039-4B15-954C-F56FC94E325F}.Debug|Windows-x64.Build.0 = Debug|Any CPU
		{3BAD1FEA-D039-4B15-954C-F56FC94E325F}.Debug|Windows-x86.ActiveCfg = Debug|Any CPU
		{3BAD1FEA-D039-4B15-954C-F56FC94E325F}.Debug|Windows-x86.Build.0 = Debug|Any CPU
		{3BAD1FEA-D039-4B15-954C-F56FC94E325F}.Release|Android.ActiveCfg = Release|Any CPU
		{3BAD1FEA-D039-4B15-954C-F56FC94E325F}.Release|Android.Build.0 = Release|Any CPU
		{3BAD1FEA-D039-4B15-954C-F56FC94E325F}.Release|Any CPU.ActiveCfg = Release|Any CPU
		{3BAD1FEA-D039-4B15-954C-F56FC94E325F}.Release|Any CPU.Build.0 = Release|Any CPU
		{3BAD1FEA-D039-4B15-954C-F56FC94E325F}.Release|iOS.ActiveCfg = Release|Any CPU
		{3BAD1FEA-D039-4B15-954C-F56FC94E325F}.Release|iOS.Build.0 = Release|Any CPU
		{3BAD1FEA-D039-4B15-954C-F56FC94E325F}.Release|Windows Phone (Universal).ActiveCfg = Release|Any CPU
		{3BAD1FEA-D039-4B15-954C-F56FC94E325F}.Release|Windows Phone (Universal).Build.0 = Release|Any CPU
		{3BAD1FEA-D039-4B15-954C-F56FC94E325F}.Release|Windows Phone 8.ActiveCfg = Release|Any CPU
		{3BAD1FEA-D039-4B15-954C-F56FC94E325F}.Release|Windows Phone 8.Build.0 = Release|Any CPU
		{3BAD1FEA-D039-4B15-954C-F56FC94E325F}.Release|Windows-AnyCPU.ActiveCfg = Release|Any CPU
		{3BAD1FEA-D039-4B15-954C-F56FC94E325F}.Release|Windows-AnyCPU.Build.0 = Release|Any CPU
		{3BAD1FEA-D039-4B15-954C-F56FC94E325F}.Release|Windows-ARM.ActiveCfg = Release|Any CPU
		{3BAD1FEA-D039-4B15-954C-F56FC94E325F}.Release|Windows-ARM.Build.0 = Release|Any CPU
		{3BAD1FEA-D039-4B15-954C-F56FC94E325F}.Release|Windows-x64.ActiveCfg = Release|Any CPU
		{3BAD1FEA-D039-4B15-954C-F56FC94E325F}.Release|Windows-x64.Build.0 = Release|Any CPU
		{3BAD1FEA-D039-4B15-954C-F56FC94E325F}.Release|Windows-x86.ActiveCfg = Release|Any CPU
		{3BAD1FEA-D039-4B15-954C-F56FC94E325F}.Release|Windows-x86.Build.0 = Release|Any CPU
		{5D537CF4-ED33-4AAF-9EC0-0F270B246CCB}.Debug|Android.ActiveCfg = Debug|Any CPU
		{5D537CF4-ED33-4AAF-9EC0-0F270B246CCB}.Debug|Android.Build.0 = Debug|Any CPU
		{5D537CF4-ED33-4AAF-9EC0-0F270B246CCB}.Debug|Any CPU.ActiveCfg = Debug|Any CPU
		{5D537CF4-ED33-4AAF-9EC0-0F270B246CCB}.Debug|Any CPU.Build.0 = Debug|Any CPU
		{5D537CF4-ED33-4AAF-9EC0-0F270B246CCB}.Debug|iOS.ActiveCfg = Debug|Any CPU
		{5D537CF4-ED33-4AAF-9EC0-0F270B246CCB}.Debug|iOS.Build.0 = Debug|Any CPU
		{5D537CF4-ED33-4AAF-9EC0-0F270B246CCB}.Debug|Windows Phone (Universal).ActiveCfg = Debug|Any CPU
		{5D537CF4-ED33-4AAF-9EC0-0F270B246CCB}.Debug|Windows Phone (Universal).Build.0 = Debug|Any CPU
		{5D537CF4-ED33-4AAF-9EC0-0F270B246CCB}.Debug|Windows Phone 8.ActiveCfg = Debug|Any CPU
		{5D537CF4-ED33-4AAF-9EC0-0F270B246CCB}.Debug|Windows Phone 8.Build.0 = Debug|Any CPU
		{5D537CF4-ED33-4AAF-9EC0-0F270B246CCB}.Debug|Windows-AnyCPU.ActiveCfg = Debug|Any CPU
		{5D537CF4-ED33-4AAF-9EC0-0F270B246CCB}.Debug|Windows-AnyCPU.Build.0 = Debug|Any CPU
		{5D537CF4-ED33-4AAF-9EC0-0F270B246CCB}.Debug|Windows-ARM.ActiveCfg = Debug|Any CPU
		{5D537CF4-ED33-4AAF-9EC0-0F270B246CCB}.Debug|Windows-ARM.Build.0 = Debug|Any CPU
		{5D537CF4-ED33-4AAF-9EC0-0F270B246CCB}.Debug|Windows-x64.ActiveCfg = Debug|Any CPU
		{5D537CF4-ED33-4AAF-9EC0-0F270B246CCB}.Debug|Windows-x64.Build.0 = Debug|Any CPU
		{5D537CF4-ED33-4AAF-9EC0-0F270B246CCB}.Debug|Windows-x86.ActiveCfg = Debug|Any CPU
		{5D537CF4-ED33-4AAF-9EC0-0F270B246CCB}.Debug|Windows-x86.Build.0 = Debug|Any CPU
		{5D537CF4-ED33-4AAF-9EC0-0F270B246CCB}.Release|Android.ActiveCfg = Release|Any CPU
		{5D537CF4-ED33-4AAF-9EC0-0F270B246CCB}.Release|Android.Build.0 = Release|Any CPU
		{5D537CF4-ED33-4AAF-9EC0-0F270B246CCB}.Release|Any CPU.ActiveCfg = Release|Any CPU
		{5D537CF4-ED33-4AAF-9EC0-0F270B246CCB}.Release|Any CPU.Build.0 = Release|Any CPU
		{5D537CF4-ED33-4AAF-9EC0-0F270B246CCB}.Release|iOS.ActiveCfg = Release|Any CPU
		{5D537CF4-ED33-4AAF-9EC0-0F270B246CCB}.Release|iOS.Build.0 = Release|Any CPU
		{5D537CF4-ED33-4AAF-9EC0-0F270B246CCB}.Release|Windows Phone (Universal).ActiveCfg = Release|Any CPU
		{5D537CF4-ED33-4AAF-9EC0-0F270B246CCB}.Release|Windows Phone (Universal).Build.0 = Release|Any CPU
		{5D537CF4-ED33-4AAF-9EC0-0F270B246CCB}.Release|Windows Phone 8.ActiveCfg = Release|Any CPU
		{5D537CF4-ED33-4AAF-9EC0-0F270B246CCB}.Release|Windows Phone 8.Build.0 = Release|Any CPU
		{5D537CF4-ED33-4AAF-9EC0-0F270B246CCB}.Release|Windows-AnyCPU.ActiveCfg = Release|Any CPU
		{5D537CF4-ED33-4AAF-9EC0-0F270B246CCB}.Release|Windows-AnyCPU.Build.0 = Release|Any CPU
		{5D537CF4-ED33-4AAF-9EC0-0F270B246CCB}.Release|Windows-ARM.ActiveCfg = Release|Any CPU
		{5D537CF4-ED33-4AAF-9EC0-0F270B246CCB}.Release|Windows-ARM.Build.0 = Release|Any CPU
		{5D537CF4-ED33-4AAF-9EC0-0F270B246CCB}.Release|Windows-x64.ActiveCfg = Release|Any CPU
		{5D537CF4-ED33-4AAF-9EC0-0F270B246CCB}.Release|Windows-x64.Build.0 = Release|Any CPU
		{5D537CF4-ED33-4AAF-9EC0-0F270B246CCB}.Release|Windows-x86.ActiveCfg = Release|Any CPU
		{5D537CF4-ED33-4AAF-9EC0-0F270B246CCB}.Release|Windows-x86.Build.0 = Release|Any CPU
		{6B32E124-34BC-4DDD-9D30-DC31836D2A6C}.Debug|Android.ActiveCfg = Debug|Any CPU
		{6B32E124-34BC-4DDD-9D30-DC31836D2A6C}.Debug|Android.Build.0 = Debug|Any CPU
		{6B32E124-34BC-4DDD-9D30-DC31836D2A6C}.Debug|Any CPU.ActiveCfg = Debug|Any CPU
		{6B32E124-34BC-4DDD-9D30-DC31836D2A6C}.Debug|Any CPU.Build.0 = Debug|Any CPU
		{6B32E124-34BC-4DDD-9D30-DC31836D2A6C}.Debug|iOS.ActiveCfg = Debug|Any CPU
		{6B32E124-34BC-4DDD-9D30-DC31836D2A6C}.Debug|iOS.Build.0 = Debug|Any CPU
		{6B32E124-34BC-4DDD-9D30-DC31836D2A6C}.Debug|Windows Phone (Universal).ActiveCfg = Debug|Any CPU
		{6B32E124-34BC-4DDD-9D30-DC31836D2A6C}.Debug|Windows Phone (Universal).Build.0 = Debug|Any CPU
		{6B32E124-34BC-4DDD-9D30-DC31836D2A6C}.Debug|Windows Phone 8.ActiveCfg = Debug|Any CPU
		{6B32E124-34BC-4DDD-9D30-DC31836D2A6C}.Debug|Windows Phone 8.Build.0 = Debug|Any CPU
		{6B32E124-34BC-4DDD-9D30-DC31836D2A6C}.Debug|Windows-AnyCPU.ActiveCfg = Debug|Any CPU
		{6B32E124-34BC-4DDD-9D30-DC31836D2A6C}.Debug|Windows-AnyCPU.Build.0 = Debug|Any CPU
		{6B32E124-34BC-4DDD-9D30-DC31836D2A6C}.Debug|Windows-ARM.ActiveCfg = Debug|Any CPU
		{6B32E124-34BC-4DDD-9D30-DC31836D2A6C}.Debug|Windows-ARM.Build.0 = Debug|Any CPU
		{6B32E124-34BC-4DDD-9D30-DC31836D2A6C}.Debug|Windows-x64.ActiveCfg = Debug|Any CPU
		{6B32E124-34BC-4DDD-9D30-DC31836D2A6C}.Debug|Windows-x64.Build.0 = Debug|Any CPU
		{6B32E124-34BC-4DDD-9D30-DC31836D2A6C}.Debug|Windows-x86.ActiveCfg = Debug|Any CPU
		{6B32E124-34BC-4DDD-9D30-DC31836D2A6C}.Debug|Windows-x86.Build.0 = Debug|Any CPU
		{6B32E124-34BC-4DDD-9D30-DC31836D2A6C}.Release|Android.ActiveCfg = Release|Any CPU
		{6B32E124-34BC-4DDD-9D30-DC31836D2A6C}.Release|Android.Build.0 = Release|Any CPU
		{6B32E124-34BC-4DDD-9D30-DC31836D2A6C}.Release|Any CPU.ActiveCfg = Release|Any CPU
		{6B32E124-34BC-4DDD-9D30-DC31836D2A6C}.Release|Any CPU.Build.0 = Release|Any CPU
		{6B32E124-34BC-4DDD-9D30-DC31836D2A6C}.Release|iOS.ActiveCfg = Release|Any CPU
		{6B32E124-34BC-4DDD-9D30-DC31836D2A6C}.Release|iOS.Build.0 = Release|Any CPU
		{6B32E124-34BC-4DDD-9D30-DC31836D2A6C}.Release|Windows Phone (Universal).ActiveCfg = Release|Any CPU
		{6B32E124-34BC-4DDD-9D30-DC31836D2A6C}.Release|Windows Phone (Universal).Build.0 = Release|Any CPU
		{6B32E124-34BC-4DDD-9D30-DC31836D2A6C}.Release|Windows Phone 8.ActiveCfg = Release|Any CPU
		{6B32E124-34BC-4DDD-9D30-DC31836D2A6C}.Release|Windows Phone 8.Build.0 = Release|Any CPU
		{6B32E124-34BC-4DDD-9D30-DC31836D2A6C}.Release|Windows-AnyCPU.ActiveCfg = Release|Any CPU
		{6B32E124-34BC-4DDD-9D30-DC31836D2A6C}.Release|Windows-AnyCPU.Build.0 = Release|Any CPU
		{6B32E124-34BC-4DDD-9D30-DC31836D2A6C}.Release|Windows-ARM.ActiveCfg = Release|Any CPU
		{6B32E124-34BC-4DDD-9D30-DC31836D2A6C}.Release|Windows-ARM.Build.0 = Release|Any CPU
		{6B32E124-34BC-4DDD-9D30-DC31836D2A6C}.Release|Windows-x64.ActiveCfg = Release|Any CPU
		{6B32E124-34BC-4DDD-9D30-DC31836D2A6C}.Release|Windows-x64.Build.0 = Release|Any CPU
		{6B32E124-34BC-4DDD-9D30-DC31836D2A6C}.Release|Windows-x86.ActiveCfg = Release|Any CPU
		{6B32E124-34BC-4DDD-9D30-DC31836D2A6C}.Release|Windows-x86.Build.0 = Release|Any CPU
		{0D13EFD9-9215-4100-934F-6A12159CF591}.Debug|Android.ActiveCfg = Debug|Any CPU
		{0D13EFD9-9215-4100-934F-6A12159CF591}.Debug|Android.Build.0 = Debug|Any CPU
		{0D13EFD9-9215-4100-934F-6A12159CF591}.Debug|Any CPU.ActiveCfg = Debug|Any CPU
		{0D13EFD9-9215-4100-934F-6A12159CF591}.Debug|Any CPU.Build.0 = Debug|Any CPU
		{0D13EFD9-9215-4100-934F-6A12159CF591}.Debug|iOS.ActiveCfg = Debug|Any CPU
		{0D13EFD9-9215-4100-934F-6A12159CF591}.Debug|iOS.Build.0 = Debug|Any CPU
		{0D13EFD9-9215-4100-934F-6A12159CF591}.Debug|Windows Phone (Universal).ActiveCfg = Debug|Any CPU
		{0D13EFD9-9215-4100-934F-6A12159CF591}.Debug|Windows Phone (Universal).Build.0 = Debug|Any CPU
		{0D13EFD9-9215-4100-934F-6A12159CF591}.Debug|Windows Phone 8.ActiveCfg = Debug|Any CPU
		{0D13EFD9-9215-4100-934F-6A12159CF591}.Debug|Windows Phone 8.Build.0 = Debug|Any CPU
		{0D13EFD9-9215-4100-934F-6A12159CF591}.Debug|Windows-AnyCPU.ActiveCfg = Debug|Any CPU
		{0D13EFD9-9215-4100-934F-6A12159CF591}.Debug|Windows-AnyCPU.Build.0 = Debug|Any CPU
		{0D13EFD9-9215-4100-934F-6A12159CF591}.Debug|Windows-ARM.ActiveCfg = Debug|Any CPU
		{0D13EFD9-9215-4100-934F-6A12159CF591}.Debug|Windows-ARM.Build.0 = Debug|Any CPU
		{0D13EFD9-9215-4100-934F-6A12159CF591}.Debug|Windows-x64.ActiveCfg = Debug|Any CPU
		{0D13EFD9-9215-4100-934F-6A12159CF591}.Debug|Windows-x64.Build.0 = Debug|Any CPU
		{0D13EFD9-9215-4100-934F-6A12159CF591}.Debug|Windows-x86.ActiveCfg = Debug|Any CPU
		{0D13EFD9-9215-4100-934F-6A12159CF591}.Debug|Windows-x86.Build.0 = Debug|Any CPU
		{0D13EFD9-9215-4100-934F-6A12159CF591}.Release|Android.ActiveCfg = Release|Any CPU
		{0D13EFD9-9215-4100-934F-6A12159CF591}.Release|Android.Build.0 = Release|Any CPU
		{0D13EFD9-9215-4100-934F-6A12159CF591}.Release|Any CPU.ActiveCfg = Release|Any CPU
		{0D13EFD9-9215-4100-934F-6A12159CF591}.Release|Any CPU.Build.0 = Release|Any CPU
		{0D13EFD9-9215-4100-934F-6A12159CF591}.Release|iOS.ActiveCfg = Release|Any CPU
		{0D13EFD9-9215-4100-934F-6A12159CF591}.Release|iOS.Build.0 = Release|Any CPU
		{0D13EFD9-9215-4100-934F-6A12159CF591}.Release|Windows Phone (Universal).ActiveCfg = Release|Any CPU
		{0D13EFD9-9215-4100-934F-6A12159CF591}.Release|Windows Phone (Universal).Build.0 = Release|Any CPU
		{0D13EFD9-9215-4100-934F-6A12159CF591}.Release|Windows Phone 8.ActiveCfg = Release|Any CPU
		{0D13EFD9-9215-4100-934F-6A12159CF591}.Release|Windows Phone 8.Build.0 = Release|Any CPU
		{0D13EFD9-9215-4100-934F-6A12159CF591}.Release|Windows-AnyCPU.ActiveCfg = Release|Any CPU
		{0D13EFD9-9215-4100-934F-6A12159CF591}.Release|Windows-AnyCPU.Build.0 = Release|Any CPU
		{0D13EFD9-9215-4100-934F-6A12159CF591}.Release|Windows-ARM.ActiveCfg = Release|Any CPU
		{0D13EFD9-9215-4100-934F-6A12159CF591}.Release|Windows-ARM.Build.0 = Release|Any CPU
		{0D13EFD9-9215-4100-934F-6A12159CF591}.Release|Windows-x64.ActiveCfg = Release|Any CPU
		{0D13EFD9-9215-4100-934F-6A12159CF591}.Release|Windows-x64.Build.0 = Release|Any CPU
		{0D13EFD9-9215-4100-934F-6A12159CF591}.Release|Windows-x86.ActiveCfg = Release|Any CPU
		{0D13EFD9-9215-4100-934F-6A12159CF591}.Release|Windows-x86.Build.0 = Release|Any CPU
		{ACA79B85-EB18-4ADF-9717-4C69214FD3CA}.Debug|Android.ActiveCfg = Debug|Any CPU
		{ACA79B85-EB18-4ADF-9717-4C69214FD3CA}.Debug|Android.Build.0 = Debug|Any CPU
		{ACA79B85-EB18-4ADF-9717-4C69214FD3CA}.Debug|Any CPU.ActiveCfg = Debug|Any CPU
		{ACA79B85-EB18-4ADF-9717-4C69214FD3CA}.Debug|Any CPU.Build.0 = Debug|Any CPU
		{ACA79B85-EB18-4ADF-9717-4C69214FD3CA}.Debug|iOS.ActiveCfg = Debug|Any CPU
		{ACA79B85-EB18-4ADF-9717-4C69214FD3CA}.Debug|iOS.Build.0 = Debug|Any CPU
		{ACA79B85-EB18-4ADF-9717-4C69214FD3CA}.Debug|Windows Phone (Universal).ActiveCfg = Debug|Any CPU
		{ACA79B85-EB18-4ADF-9717-4C69214FD3CA}.Debug|Windows Phone (Universal).Build.0 = Debug|Any CPU
		{ACA79B85-EB18-4ADF-9717-4C69214FD3CA}.Debug|Windows Phone 8.ActiveCfg = Debug|Any CPU
		{ACA79B85-EB18-4ADF-9717-4C69214FD3CA}.Debug|Windows Phone 8.Build.0 = Debug|Any CPU
		{ACA79B85-EB18-4ADF-9717-4C69214FD3CA}.Debug|Windows-AnyCPU.ActiveCfg = Debug|Any CPU
		{ACA79B85-EB18-4ADF-9717-4C69214FD3CA}.Debug|Windows-AnyCPU.Build.0 = Debug|Any CPU
		{ACA79B85-EB18-4ADF-9717-4C69214FD3CA}.Debug|Windows-ARM.ActiveCfg = Debug|Any CPU
		{ACA79B85-EB18-4ADF-9717-4C69214FD3CA}.Debug|Windows-ARM.Build.0 = Debug|Any CPU
		{ACA79B85-EB18-4ADF-9717-4C69214FD3CA}.Debug|Windows-x64.ActiveCfg = Debug|Any CPU
		{ACA79B85-EB18-4ADF-9717-4C69214FD3CA}.Debug|Windows-x64.Build.0 = Debug|Any CPU
		{ACA79B85-EB18-4ADF-9717-4C69214FD3CA}.Debug|Windows-x86.ActiveCfg = Debug|Any CPU
		{ACA79B85-EB18-4ADF-9717-4C69214FD3CA}.Debug|Windows-x86.Build.0 = Debug|Any CPU
		{ACA79B85-EB18-4ADF-9717-4C69214FD3CA}.Release|Android.ActiveCfg = Release|Any CPU
		{ACA79B85-EB18-4ADF-9717-4C69214FD3CA}.Release|Android.Build.0 = Release|Any CPU
		{ACA79B85-EB18-4ADF-9717-4C69214FD3CA}.Release|Any CPU.ActiveCfg = Release|Any CPU
		{ACA79B85-EB18-4ADF-9717-4C69214FD3CA}.Release|Any CPU.Build.0 = Release|Any CPU
		{ACA79B85-EB18-4ADF-9717-4C69214FD3CA}.Release|iOS.ActiveCfg = Release|Any CPU
		{ACA79B85-EB18-4ADF-9717-4C69214FD3CA}.Release|iOS.Build.0 = Release|Any CPU
		{ACA79B85-EB18-4ADF-9717-4C69214FD3CA}.Release|Windows Phone (Universal).ActiveCfg = Release|Any CPU
		{ACA79B85-EB18-4ADF-9717-4C69214FD3CA}.Release|Windows Phone (Universal).Build.0 = Release|Any CPU
		{ACA79B85-EB18-4ADF-9717-4C69214FD3CA}.Release|Windows Phone 8.ActiveCfg = Release|Any CPU
		{ACA79B85-EB18-4ADF-9717-4C69214FD3CA}.Release|Windows Phone 8.Build.0 = Release|Any CPU
		{ACA79B85-EB18-4ADF-9717-4C69214FD3CA}.Release|Windows-AnyCPU.ActiveCfg = Release|Any CPU
		{ACA79B85-EB18-4ADF-9717-4C69214FD3CA}.Release|Windows-AnyCPU.Build.0 = Release|Any CPU
		{ACA79B85-EB18-4ADF-9717-4C69214FD3CA}.Release|Windows-ARM.ActiveCfg = Release|Any CPU
		{ACA79B85-EB18-4ADF-9717-4C69214FD3CA}.Release|Windows-ARM.Build.0 = Release|Any CPU
		{ACA79B85-EB18-4ADF-9717-4C69214FD3CA}.Release|Windows-x64.ActiveCfg = Release|Any CPU
		{ACA79B85-EB18-4ADF-9717-4C69214FD3CA}.Release|Windows-x64.Build.0 = Release|Any CPU
		{ACA79B85-EB18-4ADF-9717-4C69214FD3CA}.Release|Windows-x86.ActiveCfg = Release|Any CPU
		{ACA79B85-EB18-4ADF-9717-4C69214FD3CA}.Release|Windows-x86.Build.0 = Release|Any CPU
		{8F6C0A22-D04E-42E6-BD72-0E4C99F51415}.Debug|Android.ActiveCfg = Debug|Any CPU
		{8F6C0A22-D04E-42E6-BD72-0E4C99F51415}.Debug|Android.Build.0 = Debug|Any CPU
		{8F6C0A22-D04E-42E6-BD72-0E4C99F51415}.Debug|Any CPU.ActiveCfg = Debug|Any CPU
		{8F6C0A22-D04E-42E6-BD72-0E4C99F51415}.Debug|Any CPU.Build.0 = Debug|Any CPU
		{8F6C0A22-D04E-42E6-BD72-0E4C99F51415}.Debug|iOS.ActiveCfg = Debug|Any CPU
		{8F6C0A22-D04E-42E6-BD72-0E4C99F51415}.Debug|iOS.Build.0 = Debug|Any CPU
		{8F6C0A22-D04E-42E6-BD72-0E4C99F51415}.Debug|Windows Phone (Universal).ActiveCfg = Debug|Any CPU
		{8F6C0A22-D04E-42E6-BD72-0E4C99F51415}.Debug|Windows Phone (Universal).Build.0 = Debug|Any CPU
		{8F6C0A22-D04E-42E6-BD72-0E4C99F51415}.Debug|Windows Phone 8.ActiveCfg = Debug|Any CPU
		{8F6C0A22-D04E-42E6-BD72-0E4C99F51415}.Debug|Windows Phone 8.Build.0 = Debug|Any CPU
		{8F6C0A22-D04E-42E6-BD72-0E4C99F51415}.Debug|Windows-AnyCPU.ActiveCfg = Debug|Any CPU
		{8F6C0A22-D04E-42E6-BD72-0E4C99F51415}.Debug|Windows-AnyCPU.Build.0 = Debug|Any CPU
		{8F6C0A22-D04E-42E6-BD72-0E4C99F51415}.Debug|Windows-ARM.ActiveCfg = Debug|Any CPU
		{8F6C0A22-D04E-42E6-BD72-0E4C99F51415}.Debug|Windows-ARM.Build.0 = Debug|Any CPU
		{8F6C0A22-D04E-42E6-BD72-0E4C99F51415}.Debug|Windows-x64.ActiveCfg = Debug|Any CPU
		{8F6C0A22-D04E-42E6-BD72-0E4C99F51415}.Debug|Windows-x64.Build.0 = Debug|Any CPU
		{8F6C0A22-D04E-42E6-BD72-0E4C99F51415}.Debug|Windows-x86.ActiveCfg = Debug|Any CPU
		{8F6C0A22-D04E-42E6-BD72-0E4C99F51415}.Debug|Windows-x86.Build.0 = Debug|Any CPU
		{8F6C0A22-D04E-42E6-BD72-0E4C99F51415}.Release|Android.ActiveCfg = Release|Any CPU
		{8F6C0A22-D04E-42E6-BD72-0E4C99F51415}.Release|Android.Build.0 = Release|Any CPU
		{8F6C0A22-D04E-42E6-BD72-0E4C99F51415}.Release|Any CPU.ActiveCfg = Release|Any CPU
		{8F6C0A22-D04E-42E6-BD72-0E4C99F51415}.Release|Any CPU.Build.0 = Release|Any CPU
		{8F6C0A22-D04E-42E6-BD72-0E4C99F51415}.Release|iOS.ActiveCfg = Release|Any CPU
		{8F6C0A22-D04E-42E6-BD72-0E4C99F51415}.Release|iOS.Build.0 = Release|Any CPU
		{8F6C0A22-D04E-42E6-BD72-0E4C99F51415}.Release|Windows Phone (Universal).ActiveCfg = Release|Any CPU
		{8F6C0A22-D04E-42E6-BD72-0E4C99F51415}.Release|Windows Phone (Universal).Build.0 = Release|Any CPU
		{8F6C0A22-D04E-42E6-BD72-0E4C99F51415}.Release|Windows Phone 8.ActiveCfg = Release|Any CPU
		{8F6C0A22-D04E-42E6-BD72-0E4C99F51415}.Release|Windows Phone 8.Build.0 = Release|Any CPU
		{8F6C0A22-D04E-42E6-BD72-0E4C99F51415}.Release|Windows-AnyCPU.ActiveCfg = Release|Any CPU
		{8F6C0A22-D04E-42E6-BD72-0E4C99F51415}.Release|Windows-AnyCPU.Build.0 = Release|Any CPU
		{8F6C0A22-D04E-42E6-BD72-0E4C99F51415}.Release|Windows-ARM.ActiveCfg = Release|Any CPU
		{8F6C0A22-D04E-42E6-BD72-0E4C99F51415}.Release|Windows-ARM.Build.0 = Release|Any CPU
		{8F6C0A22-D04E-42E6-BD72-0E4C99F51415}.Release|Windows-x64.ActiveCfg = Release|Any CPU
		{8F6C0A22-D04E-42E6-BD72-0E4C99F51415}.Release|Windows-x64.Build.0 = Release|Any CPU
		{8F6C0A22-D04E-42E6-BD72-0E4C99F51415}.Release|Windows-x86.ActiveCfg = Release|Any CPU
		{8F6C0A22-D04E-42E6-BD72-0E4C99F51415}.Release|Windows-x86.Build.0 = Release|Any CPU
		{AAB6829C-43F7-4736-9563-A316B09434C0}.Debug|Android.ActiveCfg = Debug|Any CPU
		{AAB6829C-43F7-4736-9563-A316B09434C0}.Debug|Android.Build.0 = Debug|Any CPU
		{AAB6829C-43F7-4736-9563-A316B09434C0}.Debug|Any CPU.ActiveCfg = Debug|Any CPU
		{AAB6829C-43F7-4736-9563-A316B09434C0}.Debug|Any CPU.Build.0 = Debug|Any CPU
		{AAB6829C-43F7-4736-9563-A316B09434C0}.Debug|iOS.ActiveCfg = Debug|Any CPU
		{AAB6829C-43F7-4736-9563-A316B09434C0}.Debug|iOS.Build.0 = Debug|Any CPU
		{AAB6829C-43F7-4736-9563-A316B09434C0}.Debug|Windows Phone (Universal).ActiveCfg = Debug|Any CPU
		{AAB6829C-43F7-4736-9563-A316B09434C0}.Debug|Windows Phone (Universal).Build.0 = Debug|Any CPU
		{AAB6829C-43F7-4736-9563-A316B09434C0}.Debug|Windows Phone 8.ActiveCfg = Debug|Any CPU
		{AAB6829C-43F7-4736-9563-A316B09434C0}.Debug|Windows Phone 8.Build.0 = Debug|Any CPU
		{AAB6829C-43F7-4736-9563-A316B09434C0}.Debug|Windows-AnyCPU.ActiveCfg = Debug|Any CPU
		{AAB6829C-43F7-4736-9563-A316B09434C0}.Debug|Windows-AnyCPU.Build.0 = Debug|Any CPU
		{AAB6829C-43F7-4736-9563-A316B09434C0}.Debug|Windows-ARM.ActiveCfg = Debug|Any CPU
		{AAB6829C-43F7-4736-9563-A316B09434C0}.Debug|Windows-ARM.Build.0 = Debug|Any CPU
		{AAB6829C-43F7-4736-9563-A316B09434C0}.Debug|Windows-x64.ActiveCfg = Debug|Any CPU
		{AAB6829C-43F7-4736-9563-A316B09434C0}.Debug|Windows-x64.Build.0 = Debug|Any CPU
		{AAB6829C-43F7-4736-9563-A316B09434C0}.Debug|Windows-x86.ActiveCfg = Debug|Any CPU
		{AAB6829C-43F7-4736-9563-A316B09434C0}.Debug|Windows-x86.Build.0 = Debug|Any CPU
		{AAB6829C-43F7-4736-9563-A316B09434C0}.Release|Android.ActiveCfg = Release|Any CPU
		{AAB6829C-43F7-4736-9563-A316B09434C0}.Release|Android.Build.0 = Release|Any CPU
		{AAB6829C-43F7-4736-9563-A316B09434C0}.Release|Any CPU.ActiveCfg = Release|Any CPU
		{AAB6829C-43F7-4736-9563-A316B09434C0}.Release|Any CPU.Build.0 = Release|Any CPU
		{AAB6829C-43F7-4736-9563-A316B09434C0}.Release|iOS.ActiveCfg = Release|Any CPU
		{AAB6829C-43F7-4736-9563-A316B09434C0}.Release|iOS.Build.0 = Release|Any CPU
		{AAB6829C-43F7-4736-9563-A316B09434C0}.Release|Windows Phone (Universal).ActiveCfg = Release|Any CPU
		{AAB6829C-43F7-4736-9563-A316B09434C0}.Release|Windows Phone (Universal).Build.0 = Release|Any CPU
		{AAB6829C-43F7-4736-9563-A316B09434C0}.Release|Windows Phone 8.ActiveCfg = Release|Any CPU
		{AAB6829C-43F7-4736-9563-A316B09434C0}.Release|Windows Phone 8.Build.0 = Release|Any CPU
		{AAB6829C-43F7-4736-9563-A316B09434C0}.Release|Windows-AnyCPU.ActiveCfg = Release|Any CPU
		{AAB6829C-43F7-4736-9563-A316B09434C0}.Release|Windows-AnyCPU.Build.0 = Release|Any CPU
		{AAB6829C-43F7-4736-9563-A316B09434C0}.Release|Windows-ARM.ActiveCfg = Release|Any CPU
		{AAB6829C-43F7-4736-9563-A316B09434C0}.Release|Windows-ARM.Build.0 = Release|Any CPU
		{AAB6829C-43F7-4736-9563-A316B09434C0}.Release|Windows-x64.ActiveCfg = Release|Any CPU
		{AAB6829C-43F7-4736-9563-A316B09434C0}.Release|Windows-x64.Build.0 = Release|Any CPU
		{AAB6829C-43F7-4736-9563-A316B09434C0}.Release|Windows-x86.ActiveCfg = Release|Any CPU
		{AAB6829C-43F7-4736-9563-A316B09434C0}.Release|Windows-x86.Build.0 = Release|Any CPU
	EndGlobalSection
	GlobalSection(SolutionProperties) = preSolution
		HideSolutionNode = FALSE
	EndGlobalSection
	GlobalSection(NestedProjects) = preSolution
		{816D97B9-D1F0-45B2-8E40-12EBA908F44F} = {8207BC74-8412-49D9-BA63-39AA8DC068F0}
		{B0B23E52-E0E4-430C-B073-AC9A251E1E00} = {8207BC74-8412-49D9-BA63-39AA8DC068F0}
		{E1E8CE89-5172-42AA-805B-89C90B6ABFBC} = {8207BC74-8412-49D9-BA63-39AA8DC068F0}
		{8207BC74-8412-49D9-BA63-39AA8DC068F0} = {2A4D6A14-685A-4246-B577-582E47A97B28}
		{E2D5ACED-0582-4D38-BB91-E834D8953833} = {2A4D6A14-685A-4246-B577-582E47A97B28}
		{76ED80E5-4F03-440F-9931-E71B9C998D87} = {2A4D6A14-685A-4246-B577-582E47A97B28}
		{56EDEC58-60BB-4437-BC04-9F43B2D89E30} = {2A4D6A14-685A-4246-B577-582E47A97B28}
		{FBC29A5D-B009-4630-9EFE-D04D409DAB67} = {76ED80E5-4F03-440F-9931-E71B9C998D87}
		{3BAD1FEA-D039-4B15-954C-F56FC94E325F} = {76ED80E5-4F03-440F-9931-E71B9C998D87}
		{5D537CF4-ED33-4AAF-9EC0-0F270B246CCB} = {76ED80E5-4F03-440F-9931-E71B9C998D87}
		{6B32E124-34BC-4DDD-9D30-DC31836D2A6C} = {56EDEC58-60BB-4437-BC04-9F43B2D89E30}
		{0D13EFD9-9215-4100-934F-6A12159CF591} = {56EDEC58-60BB-4437-BC04-9F43B2D89E30}
		{ACA79B85-EB18-4ADF-9717-4C69214FD3CA} = {E2D5ACED-0582-4D38-BB91-E834D8953833}
		{8F6C0A22-D04E-42E6-BD72-0E4C99F51415} = {E2D5ACED-0582-4D38-BB91-E834D8953833}
		{AAB6829C-43F7-4736-9563-A316B09434C0} = {56EDEC58-60BB-4437-BC04-9F43B2D89E30}
	EndGlobalSection
EndGlobal
